
Microsoft Visual Studio Solution File, Format Version 12.00
# Visual Studio Version 17
VisualStudioVersion = 17.8.34330.188
MinimumVisualStudioVersion = 10.0.40219.1
Project("{FAE04EC0-301F-11D3-BF4B-00C04F79EFBC}") = "CryptoBank", "CryptoBank\CryptoBank.csproj", "{A5C7F87B-C36B-4023-936C-6CF0B27878E1}"
EndProject
Global
	GlobalSection(SolutionConfigurationPlatforms) = preSolution
		Debug|Any CPU = Debug|Any CPU
		Release|Any CPU = Release|Any CPU
	EndGlobalSection
	GlobalSection(ProjectConfigurationPlatforms) = postSolution
		{A5C7F87B-C36B-4023-936C-6CF0B27878E1}.Debug|Any CPU.ActiveCfg = Debug|Any CPU
		{A5C7F87B-C36B-4023-936C-6CF0B27878E1}.Debug|Any CPU.Build.0 = Debug|Any CPU
		{A5C7F87B-C36B-4023-936C-6CF0B27878E1}.Release|Any CPU.ActiveCfg = Release|Any CPU
		{A5C7F87B-C36B-4023-936C-6CF0B27878E1}.Release|Any CPU.Build.0 = Release|Any CPU
	EndGlobalSection
	GlobalSection(SolutionProperties) = preSolution
		HideSolutionNode = FALSE
	EndGlobalSection
	GlobalSection(ExtensibilityGlobals) = postSolution
		SolutionGuid = {3AF70EB2-BA80-476F-9172-2E838CE6748C}
	EndGlobalSection
EndGlobal
